
Microsoft Visual Studio Solution File, Format Version 12.00
# Visual Studio Version 16
VisualStudioVersion = 16.0.31025.194
MinimumVisualStudioVersion = 10.0.40219.1
Project("{FAE04EC0-301F-11D3-BF4B-00C04F79EFBC}") = "CodeChallenge", "CodeChallenge\CodeChallenge.csproj", "{A9EC6239-9654-4942-B141-DC880F34FBBD}"
EndProject
Global
	GlobalSection(SolutionConfigurationPlatforms) = preSolution
		Debug|Any CPU = Debug|Any CPU
		Release|Any CPU = Release|Any CPU
	EndGlobalSection
	GlobalSection(ProjectConfigurationPlatforms) = postSolution
		{A9EC6239-9654-4942-B141-DC880F34FBBD}.Debug|Any CPU.ActiveCfg = Debug|Any CPU
		{A9EC6239-9654-4942-B141-DC880F34FBBD}.Debug|Any CPU.Build.0 = Debug|Any CPU
		{A9EC6239-9654-4942-B141-DC880F34FBBD}.Release|Any CPU.ActiveCfg = Release|Any CPU
		{A9EC6239-9654-4942-B141-DC880F34FBBD}.Release|Any CPU.Build.0 = Release|Any CPU
	EndGlobalSection
	GlobalSection(SolutionProperties) = preSolution
		HideSolutionNode = FALSE
	EndGlobalSection
	GlobalSection(ExtensibilityGlobals) = postSolution
		SolutionGuid = {4173BF17-27D7-4825-8861-267C8AD47DC1}
	EndGlobalSection
EndGlobal
